# This file is autogenerated, do not edit; changes may be undone by the next 'dep ensure'.


[[projects]]
  digest = "1:ab38507dcaeb1aec1b6b8b425151c94ad9468812d214e546bf75d77d13f9e9c1"
  name = "cloud.google.com/go"
  packages = [
    "compute/metadata",
    "iam",
    "internal",
    "internal/optional",
    "internal/trace",
    "internal/version",
    "storage",
  ]
  pruneopts = "UT"
  revision = "2fa99f4c25c422525316dcb1fd3d5b94e1944cfd"
  version = "v0.37.1"

[[projects]]
  digest = "1:2edd2416f89b4e841df0e4a78802ce14d2bc7ad79eba1a45986e39f0f8cb7d87"
  name = "github.com/golang/glog"
  packages = ["."]
  pruneopts = "UT"
  revision = "44145f04b68cf362d9c4df2182967c2275eaefed"

[[projects]]
  digest = "1:cf0608a4d324260ef753cd04a1977ccca36937b9a6a5544ab08e804325e9cdc0"
  name = "github.com/golang/protobuf"
  packages = [
    "proto",
    "protoc-gen-go/descriptor",
    "ptypes",
    "ptypes/any",
    "ptypes/duration",
    "ptypes/timestamp",
    "ptypes/wrappers",
  ]
  pruneopts = "UT"
  revision = "b5d812f8a3706043e23a9cd5babf2e5423744d30"
  version = "v1.3.1"

[[projects]]
  digest = "1:582b704bebaa06b48c29b0cec224a6058a09c86883aaddabde889cd1a5f73e1b"
  name = "github.com/google/uuid"
  packages = ["."]
  pruneopts = "UT"
  revision = "0cd6bf5da1e1c83f8b45653022c74f71af0538a4"
  version = "v1.1.1"

[[projects]]
  digest = "1:f1f70abea1ab125d48396343b4c053f8fecfbdb943037bf3d29dc80c90fe60b3"
  name = "github.com/googleapis/gax-go"
  packages = ["v2"]
  pruneopts = "UT"
  revision = "beaecbbdd8af86aa3acf14180d53828ce69400b2"
  version = "v2.0.4"

[[projects]]
  digest = "1:ca59b1175189b3f0e9f1793d2c350114be36eaabbe5b9f554b35edee1de50aea"
  name = "github.com/gorilla/mux"
  packages = ["."]
  pruneopts = "UT"
  revision = "a7962380ca08b5a188038c69871b8d3fbdf31e89"
  version = "v1.7.0"

[[projects]]
  digest = "1:67474f760e9ac3799f740db2c489e6423a4cde45520673ec123ac831ad849cb8"
  name = "github.com/hashicorp/golang-lru"
  packages = ["simplelru"]
  pruneopts = "UT"
  revision = "7087cb70de9f7a8bc0a10c375cb0d2280a8edf9c"
  version = "v0.5.1"

[[projects]]
  digest = "1:870d441fe217b8e689d7949fef6e43efbc787e50f200cb1e70dbca9204a1d6be"
  name = "github.com/inconshreveable/mousetrap"
  packages = ["."]
  pruneopts = "UT"
  revision = "76626ae9c91c4f2a10f34cad8ce83ea42c93bb75"
  version = "v1.0"

[[projects]]
  digest = "1:645cabccbb4fa8aab25a956cbcbdf6a6845ca736b2c64e197ca7cbb9d210b939"
  name = "github.com/spf13/cobra"
  packages = ["."]
  pruneopts = "UT"
  revision = "ef82de70bb3f60c65fb8eebacbb2d122ef517385"
  version = "v0.0.3"

[[projects]]
  digest = "1:c1b1102241e7f645bc8e0c22ae352e8f0dc6484b6cb4d132fa9f24174e0119e2"
  name = "github.com/spf13/pflag"
  packages = ["."]
  pruneopts = "UT"
  revision = "298182f68c66c05229eb03ac171abe6e309ee79a"
  version = "v1.0.3"

[[projects]]
  digest = "1:9125b631bfde5e4ea592f98760562e89691a5c1d1625acfbfc9f85d37b0cc4d8"
  name = "go.opencensus.io"
  packages = [
    ".",
    "exemplar",
    "internal",
    "internal/tagencoding",
    "plugin/ochttp",
    "plugin/ochttp/propagation/b3",
    "stats",
    "stats/internal",
    "stats/view",
    "tag",
    "trace",
    "trace/internal",
    "trace/propagation",
    "trace/tracestate",
  ]
  pruneopts = "UT"
  revision = "3b8e2721f2c3c01fa1bf4a2e455874e7b8319cd7"
  version = "v0.19.2"

[[projects]]
  branch = "master"
  digest = "1:5b51b81e299d0dfd03f567fd8d8a2d7ee954b3b72c69292f07c49aae785b6dd9"
  name = "golang.org/x/net"
  packages = [
    "context",
    "context/ctxhttp",
    "http/httpguts",
    "http2",
    "http2/hpack",
    "idna",
    "internal/timeseries",
    "trace",
  ]
  pruneopts = "UT"
  revision = "addf6b3196f61cd44ce5a76657913698c73479d0"

[[projects]]
  branch = "master"
  digest = "1:399cbecda4e8ab20451d68a1db3812c99791ed95c53c6e9d64f3594a7e608f51"
  name = "golang.org/x/oauth2"
  packages = [
    ".",
    "google",
    "internal",
    "jws",
    "jwt",
  ]
  pruneopts = "UT"
  revision = "c85d3e98c914e3a33234ad863dcbff5dbc425bb8"

[[projects]]
  branch = "master"
  digest = "1:5637b3b43405643229e55140bb3049dfa7d73957ba9ecfccc31cdadbfbe0b1f9"
  name = "golang.org/x/sys"
  packages = ["unix"]
  pruneopts = "UT"
  revision = "f49334f85ddcf0f08d7fb6dd7363e9e6d6b777eb"

[[projects]]
  digest = "1:a2ab62866c75542dd18d2b069fec854577a20211d7c0ea6ae746072a1dccdd18"
  name = "golang.org/x/text"
  packages = [
    "collate",
    "collate/build",
    "internal/colltab",
    "internal/gen",
    "internal/tag",
    "internal/triegen",
    "internal/ucd",
    "language",
    "secure/bidirule",
    "transform",
    "unicode/bidi",
    "unicode/cldr",
    "unicode/norm",
    "unicode/rangetable",
  ]
  pruneopts = "UT"
  revision = "f21a4dfb5e38f5895301dc265a8def02365cc3d0"
  version = "v0.3.0"

[[projects]]
  digest = "1:4d49b6e8dcda1d1a650e7cdb9a80e075dccac4c8643ffb52251b8c21bd1a9bd9"
  name = "google.golang.org/api"
  packages = [
    "gensupport",
    "googleapi",
    "googleapi/internal/uritemplates",
    "googleapi/transport",
    "internal",
    "iterator",
    "option",
    "storage/v1",
    "transport/http",
    "transport/http/internal/propagation",
  ]
  pruneopts = "UT"
  revision = "e742f5a8defa1f9f5d723dfa04c962e680dc33f0"
  version = "v0.2.0"

[[projects]]
  digest = "1:04f2ff15fc59e1ddaf9900ad0e19e5b19586b31f9dafd4d592b617642b239d8f"
  name = "google.golang.org/appengine"
  packages = [
    ".",
    "internal",
    "internal/app_identity",
    "internal/base",
    "internal/datastore",
    "internal/log",
    "internal/modules",
    "internal/remote_api",
    "internal/urlfetch",
    "urlfetch",
  ]
  pruneopts = "UT"
  revision = "54a98f90d1c46b7731eb8fb305d2a321c30ef610"
  version = "v1.5.0"

[[projects]]
  branch = "master"
  digest = "1:6feec060464c4ab178fba23b3f6aa7b648c8e179e0e2cbcddacfd7a600ae210f"
  name = "google.golang.org/genproto"
  packages = [
    "googleapis/api/annotations",
    "googleapis/devtools/resultstore/v2",
    "googleapis/iam/v1",
    "googleapis/rpc/code",
    "googleapis/rpc/status",
    "protobuf/field_mask",
  ]
  pruneopts = "UT"
  revision = "e79c0c59cdb5e117ef82a6f885294df3d74065d5"

[[projects]]
  digest = "1:4abdd62fcb53e7fb898e708754e3ec03254a870b35e826649b974c6811041808"
  name = "google.golang.org/grpc"
  packages = [
    ".",
    "balancer",
    "balancer/base",
    "balancer/roundrobin",
    "binarylog/grpc_binarylog_v1",
    "codes",
    "connectivity",
    "credentials",
    "credentials/internal",
    "credentials/oauth",
    "encoding",
    "encoding/proto",
    "grpclog",
    "internal",
    "internal/backoff",
    "internal/binarylog",
    "internal/channelz",
    "internal/envconfig",
    "internal/grpcrand",
    "internal/grpcsync",
    "internal/syscall",
    "internal/transport",
    "keepalive",
    "metadata",
    "naming",
    "peer",
    "resolver",
    "resolver/dns",
    "resolver/passthrough",
    "stats",
    "status",
    "tap",
  ]
  pruneopts = "UT"
  revision = "3507fb8e1a5ad030303c106fef3a47c9fdad16ad"
  version = "v1.19.1"

[[projects]]
  digest = "1:4d2e5a73dc1500038e504a8d78b986630e3626dc027bc030ba5c75da257cdb96"
  name = "gopkg.in/yaml.v2"
  packages = ["."]
  pruneopts = "UT"
  revision = "51d6538a90f86fe93ac480b35f37b2be17fef232"
  version = "v2.2.2"

[[projects]]
  branch = "master"
  digest = "1:d1d32e0fbb5f7054e4b20db7a8c576d425732158005e12adb0d936ce89b72c76"
  name = "k8s.io/apimachinery"
  packages = [
    "pkg/util/runtime",
    "pkg/util/wait",
  ]
  pruneopts = "UT"
  revision = "03ac7a9ade429d715a1a46ceaa3724c18ebae54f"

[[projects]]
  digest = "1:72fd56341405f53c745377e0ebc4abeff87f1a048e0eea6568a20212650f5a82"
  name = "k8s.io/klog"
  packages = ["."]
  pruneopts = "UT"
  revision = "71442cd4037d612096940ceb0f3fec3f7fff66e0"
  version = "v0.2.0"

[[projects]]
  digest = "1:7719608fe0b52a4ece56c2dde37bedd95b938677d1ab0f84b8a7852e4c59f849"
  name = "sigs.k8s.io/yaml"
  packages = ["."]
  pruneopts = "UT"
  revision = "fd68e9863619f6ec2fdd8625fe1f02e7c877e480"
  version = "v1.1.0"

[[projects]]
  branch = "master"
  digest = "1:9132eacc44d9bd1e03145ea2e9d4888800da7773d6edebb401f8cd34c9fb8380"
  name = "vbom.ml/util"
  packages = ["sortorder"]
  pruneopts = "UT"
  revision = "efcd4e0f97874370259c7d93e12aad57911dea81"

[solve-meta]
  analyzer-name = "dep"
  analyzer-version = 1
  input-imports = [
    "cloud.google.com/go/storage",
    "github.com/golang/glog",
    "github.com/golang/protobuf/proto",
    "github.com/golang/protobuf/ptypes/duration",
    "github.com/golang/protobuf/ptypes/timestamp",
    "github.com/golang/protobuf/ptypes/wrappers",
    "github.com/google/uuid",
    "github.com/gorilla/mux",
    "github.com/spf13/cobra",
    "google.golang.org/api/iterator",
    "google.golang.org/api/option",
    "google.golang.org/genproto/googleapis/devtools/resultstore/v2",
    "google.golang.org/genproto/protobuf/field_mask",
    "google.golang.org/grpc",
    "google.golang.org/grpc/credentials",
    "google.golang.org/grpc/credentials/oauth",
    "google.golang.org/grpc/metadata",
    "k8s.io/apimachinery/pkg/util/wait",
    "sigs.k8s.io/yaml",
    "vbom.ml/util/sortorder",
  ]
  solver-name = "gps-cdcl"
  solver-version = 1
